// !$*UTF8*$!
{
	archiveVersion = 1;
	classes = {
	};
	objectVersion = 55;
	objects = {

/* Begin PBXBuildFile section */
		9A0BFFDA278E8F070081D568 /* PinchApp.swift in Sources */ = {isa = PBXBuildFile; fileRef = 9A0BFFD9278E8F070081D568 /* PinchApp.swift */; };
		9A0BFFDC278E8F070081D568 /* ContentView.swift in Sources */ = {isa = PBXBuildFile; fileRef = 9A0BFFDB278E8F070081D568 /* ContentView.swift */; };
		9A0BFFDE278E8F090081D568 /* Assets.xcassets in Resources */ = {isa = PBXBuildFile; fileRef = 9A0BFFDD278E8F090081D568 /* Assets.xcassets */; };
		9A0BFFE1278E8F090081D568 /* Preview Assets.xcassets in Resources */ = {isa = PBXBuildFile; fileRef = 9A0BFFE0278E8F090081D568 /* Preview Assets.xcassets */; };
		9A0BFFEB278E8F090081D568 /* PinchTests.swift in Sources */ = {isa = PBXBuildFile; fileRef = 9A0BFFEA278E8F090081D568 /* PinchTests.swift */; };
		9A0BFFF5278E8F090081D568 /* PinchUITests.swift in Sources */ = {isa = PBXBuildFile; fileRef = 9A0BFFF4278E8F090081D568 /* PinchUITests.swift */; };
		9A0BFFF7278E8F090081D568 /* PinchUITestsLaunchTests.swift in Sources */ = {isa = PBXBuildFile; fileRef = 9A0BFFF6278E8F090081D568 /* PinchUITestsLaunchTests.swift */; };
/* End PBXBuildFile section */

/* Begin PBXContainerItemProxy section */
		9A0BFFE7278E8F090081D568 /* PBXContainerItemProxy */ = {
			isa = PBXContainerItemProxy;
			containerPortal = 9A0BFFCE278E8F070081D568 /* Project object */;
			proxyType = 1;
			remoteGlobalIDString = 9A0BFFD5278E8F070081D568;
			remoteInfo = Pinch;
		};
		9A0BFFF1278E8F090081D568 /* PBXContainerItemProxy */ = {
			isa = PBXContainerItemProxy;
			containerPortal = 9A0BFFCE278E8F070081D568 /* Project object */;
			proxyType = 1;
			remoteGlobalIDString = 9A0BFFD5278E8F070081D568;
			remoteInfo = Pinch;
		};
/* End PBXContainerItemProxy section */

/* Begin PBXFileReference section */
		9A0BFFD6278E8F070081D568 /* Pinch.app */ = {isa = PBXFileReference; explicitFileType = wrapper.application; includeInIndex = 0; path = Pinch.app; sourceTree = BUILT_PRODUCTS_DIR; };
		9A0BFFD9278E8F070081D568 /* PinchApp.swift */ = {isa = PBXFileReference; lastKnownFileType = sourcecode.swift; path = PinchApp.swift; sourceTree = "<group>"; };
		9A0BFFDB278E8F070081D568 /* ContentView.swift */ = {isa = PBXFileReference; lastKnownFileType = sourcecode.swift; path = ContentView.swift; sourceTree = "<group>"; };
		9A0BFFDD278E8F090081D568 /* Assets.xcassets */ = {isa = PBXFileReference; lastKnownFileType = folder.assetcatalog; path = Assets.xcassets; sourceTree = "<group>"; };
		9A0BFFE0278E8F090081D568 /* Preview Assets.xcassets */ = {isa = PBXFileReference; lastKnownFileType = folder.assetcatalog; path = "Preview Assets.xcassets"; sourceTree = "<group>"; };
		9A0BFFE6278E8F090081D568 /* PinchTests.xctest */ = {isa = PBXFileReference; explicitFileType = wrapper.cfbundle; includeInIndex = 0; path = PinchTests.xctest; sourceTree = BUILT_PRODUCTS_DIR; };
		9A0BFFEA278E8F090081D568 /* PinchTests.swift */ = {isa = PBXFileReference; lastKnownFileType = sourcecode.swift; path = PinchTests.swift; sourceTree = "<group>"; };
		9A0BFFF0278E8F090081D568 /* PinchUITests.xctest */ = {isa = PBXFileReference; explicitFileType = wrapper.cfbundle; includeInIndex = 0; path = PinchUITests.xctest; sourceTree = BUILT_PRODUCTS_DIR; };
		9A0BFFF4278E8F090081D568 /* PinchUITests.swift */ = {isa = PBXFileReference; lastKnownFileType = sourcecode.swift; path = PinchUITests.swift; sourceTree = "<group>"; };
		9A0BFFF6278E8F090081D568 /* PinchUITestsLaunchTests.swift */ = {isa = PBXFileReference; lastKnownFileType = sourcecode.swift; path = PinchUITestsLaunchTests.swift; sourceTree = "<group>"; };
/* End PBXFileReference section */

/* Begin PBXFrameworksBuildPhase section */
		9A0BFFD3278E8F070081D568 /* Frameworks */ = {
			isa = PBXFrameworksBuildPhase;
			buildActionMask = 2147483647;
			files = (
			);
			runOnlyForDeploymentPostprocessing = 0;
		};
		9A0BFFE3278E8F090081D568 /* Frameworks */ = {
			isa = PBXFrameworksBuildPhase;
			buildActionMask = 2147483647;
			files = (
			);
			runOnlyForDeploymentPostprocessing = 0;
		};
		9A0BFFED278E8F090081D568 /* Frameworks */ = {
			isa = PBXFrameworksBuildPhase;
			buildActionMask = 2147483647;
			files = (
			);
			runOnlyForDeploymentPostprocessing = 0;
		};
/* End PBXFrameworksBuildPhase section */

/* Begin PBXGroup section */
		9A0BFFCD278E8F070081D568 = {
			isa = PBXGroup;
			children = (
				9A0BFFD8278E8F070081D568 /* Pinch */,
				9A0BFFE9278E8F090081D568 /* PinchTests */,
				9A0BFFF3278E8F090081D568 /* PinchUITests */,
				9A0BFFD7278E8F070081D568 /* Products */,
			);
			sourceTree = "<group>";
		};
		9A0BFFD7278E8F070081D568 /* Products */ = {
			isa = PBXGroup;
			children = (
				9A0BFFD6278E8F070081D568 /* Pinch.app */,
				9A0BFFE6278E8F090081D568 /* PinchTests.xctest */,
				9A0BFFF0278E8F090081D568 /* PinchUITests.xctest */,
			);
			name = Products;
			sourceTree = "<group>";
		};
		9A0BFFD8278E8F070081D568 /* Pinch */ = {
			isa = PBXGroup;
			children = (
				9A0BFFD9278E8F070081D568 /* PinchApp.swift */,
				9A0BFFDB278E8F070081D568 /* ContentView.swift */,
				9A0BFFDD278E8F090081D568 /* Assets.xcassets */,
				9A0BFFDF278E8F090081D568 /* Preview Content */,
			);
			path = Pinch;
			sourceTree = "<group>";
		};
		9A0BFFDF278E8F090081D568 /* Preview Content */ = {
			isa = PBXGroup;
			children = (
				9A0BFFE0278E8F090081D568 /* Preview Assets.xcassets */,
			);
			path = "Preview Content";
			sourceTree = "<group>";
		};
		9A0BFFE9278E8F090081D568 /* PinchTests */ = {
			isa = PBXGroup;
			children = (
				9A0BFFEA278E8F090081D568 /* PinchTests.swift */,
			);
			path = PinchTests;
			sourceTree = "<group>";
		};
		9A0BFFF3278E8F090081D568 /* PinchUITests */ = {
			isa = PBXGroup;
			children = (
				9A0BFFF4278E8F090081D568 /* PinchUITests.swift */,
				9A0BFFF6278E8F090081D568 /* PinchUITestsLaunchTests.swift */,
			);
			path = PinchUITests;
			sourceTree = "<group>";
		};
/* End PBXGroup section */

/* Begin PBXNativeTarget section */
		9A0BFFD5278E8F070081D568 /* Pinch */ = {
			isa = PBXNativeTarget;
			buildConfigurationList = 9A0BFFFA278E8F090081D568 /* Build configuration list for PBXNativeTarget "Pinch" */;
			buildPhases = (
				9A0BFFD2278E8F070081D568 /* Sources */,
				9A0BFFD3278E8F070081D568 /* Frameworks */,
				9A0BFFD4278E8F070081D568 /* Resources */,
			);
			buildRules = (
			);
			dependencies = (
			);
			name = Pinch;
			productName = Pinch;
			productReference = 9A0BFFD6278E8F070081D568 /* Pinch.app */;
			productType = "com.apple.product-type.application";
		};
		9A0BFFE5278E8F090081D568 /* PinchTests */ = {
			isa = PBXNativeTarget;
			buildConfigurationList = 9A0BFFFD278E8F090081D568 /* Build configuration list for PBXNativeTarget "PinchTests" */;
			buildPhases = (
				9A0BFFE2278E8F090081D568 /* Sources */,
				9A0BFFE3278E8F090081D568 /* Frameworks */,
				9A0BFFE4278E8F090081D568 /* Resources */,
			);
			buildRules = (
			);
			dependencies = (
				9A0BFFE8278E8F090081D568 /* PBXTargetDependency */,
			);
			name = PinchTests;
			productName = PinchTests;
			productReference = 9A0BFFE6278E8F090081D568 /* PinchTests.xctest */;
			productType = "com.apple.product-type.bundle.unit-test";
		};
		9A0BFFEF278E8F090081D568 /* PinchUITests */ = {
			isa = PBXNativeTarget;
			buildConfigurationList = 9A0B0000278E8F090081D568 /* Build configuration list for PBXNativeTarget "PinchUITests" */;
			buildPhases = (
				9A0BFFEC278E8F090081D568 /* Sources */,
				9A0BFFED278E8F090081D568 /* Frameworks */,
				9A0BFFEE278E8F090081D568 /* Resources */,
			);
			buildRules = (
			);
			dependencies = (
				9A0BFFF2278E8F090081D568 /* PBXTargetDependency */,
			);
			name = PinchUITests;
			productName = PinchUITests;
			productReference = 9A0BFFF0278E8F090081D568 /* PinchUITests.xctest */;
			productType = "com.apple.product-type.bundle.ui-testing";
		};
/* End PBXNativeTarget section */

/* Begin PBXProject section */
		9A0BFFCE278E8F070081D568 /* Project object */ = {
			isa = PBXProject;
			attributes = {
				BuildIndependentTargetsInParallel = 1;
				LastSwiftUpdateCheck = 1320;
				LastUpgradeCheck = 1320;
				TargetAttributes = {
					9A0BFFD5278E8F070081D568 = {
						CreatedOnToolsVersion = 13.2.1;
					};
					9A0BFFE5278E8F090081D568 = {
						CreatedOnToolsVersion = 13.2.1;
						TestTargetID = 9A0BFFD5278E8F070081D568;
					};
					9A0BFFEF278E8F090081D568 = {
						CreatedOnToolsVersion = 13.2.1;
						TestTargetID = 9A0BFFD5278E8F070081D568;
					};
				};
			};
			buildConfigurationList = 9A0BFFD1278E8F070081D568 /* Build configuration list for PBXProject "Pinch" */;
			compatibilityVersion = "Xcode 13.0";
			developmentRegion = en;
			hasScannedForEncodings = 0;
			knownRegions = (
				en,
				Base,
			);
			mainGroup = 9A0BFFCD278E8F070081D568;
			productRefGroup = 9A0BFFD7278E8F070081D568 /* Products */;
			projectDirPath = "";
			projectRoot = "";
			targets = (
				9A0BFFD5278E8F070081D568 /* Pinch */,
				9A0BFFE5278E8F090081D568 /* PinchTests */,
				9A0BFFEF278E8F090081D568 /* PinchUITests */,
			);
		};
/* End PBXProject section */

/* Begin PBXResourcesBuildPhase section */
		9A0BFFD4278E8F070081D568 /* Resources */ = {
			isa = PBXResourcesBuildPhase;
			buildActionMask = 2147483647;
			files = (
				9A0BFFE1278E8F090081D568 /* Preview Assets.xcassets in Resources */,
				9A0BFFDE278E8F090081D568 /* Assets.xcassets in Resources */,
			);
			runOnlyForDeploymentPostprocessing = 0;
		};
		9A0BFFE4278E8F090081D568 /* Resources */ = {
			isa = PBXResourcesBuildPhase;
			buildActionMask = 2147483647;
			files = (
			);
			runOnlyForDeploymentPostprocessing = 0;
		};
		9A0BFFEE278E8F090081D568 /* Resources */ = {
			isa = PBXResourcesBuildPhase;
			buildActionMask = 2147483647;
			files = (
			);
			runOnlyForDeploymentPostprocessing = 0;
		};
/* End PBXResourcesBuildPhase section */

/* Begin PBXSourcesBuildPhase section */
		9A0BFFD2278E8F070081D568 /* Sources */ = {
			isa = PBXSourcesBuildPhase;
			buildActionMask = 2147483647;
			files = (
				9A0BFFDC278E8F070081D568 /* ContentView.swift in Sources */,
				9A0BFFDA278E8F070081D568 /* PinchApp.swift in Sources */,
			);
			runOnlyForDeploymentPostprocessing = 0;
		};
		9A0BFFE2278E8F090081D568 /* Sources */ = {
			isa = PBXSourcesBuildPhase;
			buildActionMask = 2147483647;
			files = (
				9A0BFFEB278E8F090081D568 /* PinchTests.swift in Sources */,
			);
			runOnlyForDeploymentPostprocessing = 0;
		};
		9A0BFFEC278E8F090081D568 /* Sources */ = {
			isa = PBXSourcesBuildPhase;
			buildActionMask = 2147483647;
			files = (
				9A0BFFF5278E8F090081D568 /* PinchUITests.swift in Sources */,
				9A0BFFF7278E8F090081D568 /* PinchUITestsLaunchTests.swift in Sources */,
			);
			runOnlyForDeploymentPostprocessing = 0;
		};
/* End PBXSourcesBuildPhase section */

/* Begin PBXTargetDependency section */
		9A0BFFE8278E8F090081D568 /* PBXTargetDependency */ = {
			isa = PBXTargetDependency;
			target = 9A0BFFD5278E8F070081D568 /* Pinch */;
			targetProxy = 9A0BFFE7278E8F090081D568 /* PBXContainerItemProxy */;
		};
		9A0BFFF2278E8F090081D568 /* PBXTargetDependency */ = {
			isa = PBXTargetDependency;
			target = 9A0BFFD5278E8F070081D568 /* Pinch */;
			targetProxy = 9A0BFFF1278E8F090081D568 /* PBXContainerItemProxy */;
		};
/* End PBXTargetDependency section */

/* Begin XCBuildConfiguration section */
		9A0B0001278E8F090081D568 /* Debug */ = {
			isa = XCBuildConfiguration;
			buildSettings = {
				ALWAYS_EMBED_SWIFT_STANDARD_LIBRARIES = YES;
				CODE_SIGN_STYLE = Automatic;
				CURRENT_PROJECT_VERSION = 1;
				GENERATE_INFOPLIST_FILE = YES;
				MARKETING_VERSION = 1.0;
				PRODUCT_BUNDLE_IDENTIFIER = example.PinchUITests;
				PRODUCT_NAME = "$(TARGET_NAME)";
				SWIFT_EMIT_LOC_STRINGS = NO;
				SWIFT_VERSION = 5.0;
				TARGETED_DEVICE_FAMILY = "1,2";
				TEST_TARGET_NAME = Pinch;
			};
			name = Debug;
		};
		9A0B0002278E8F090081D568 /* Release */ = {
			isa = XCBuildConfiguration;
			buildSettings = {
				ALWAYS_EMBED_SWIFT_STANDARD_LIBRARIES = YES;
				CODE_SIGN_STYLE = Automatic;
				CURRENT_PROJECT_VERSION = 1;
				GENERATE_INFOPLIST_FILE = YES;
				MARKETING_VERSION = 1.0;
				PRODUCT_BUNDLE_IDENTIFIER = example.PinchUITests;
				PRODUCT_NAME = "$(TARGET_NAME)";
				SWIFT_EMIT_LOC_STRINGS = NO;
				SWIFT_VERSION = 5.0;
				TARGETED_DEVICE_FAMILY = "1,2";
				TEST_TARGET_NAME = Pinch;
			};
			name = Release;
		};
		9A0BFFF8278E8F090081D568 /* Debug */ = {
			isa = XCBuildConfiguration;
			buildSettings = {
				ALWAYS_SEARCH_USER_PATHS = NO;
				CLANG_ANALYZER_NONNULL = YES;
				CLANG_ANALYZER_NUMBER_OBJECT_CONVERSION = YES_AGGRESSIVE;
				CLANG_CXX_LANGUAGE_STANDARD = "gnu++17";
				CLANG_CXX_LIBRARY = "libc++";
				CLANG_ENABLE_MODULES = YES;
				CLANG_ENABLE_OBJC_ARC = YES;
				CLANG_ENABLE_OBJC_WEAK = YES;
				CLANG_WARN_BLOCK_CAPTURE_AUTORELEASING = YES;
				CLANG_WARN_BOOL_CONVERSION = YES;
				CLANG_WARN_COMMA = YES;
				CLANG_WARN_CONSTANT_CONVERSION = YES;
				CLANG_WARN_DEPRECATED_OBJC_IMPLEMENTATIONS = YES;
				CLANG_WARN_DIRECT_OBJC_ISA_USAGE = YES_ERROR;
				CLANG_WARN_DOCUMENTATION_COMMENTS = YES;
				CLANG_WARN_EMPTY_BODY = YES;
				CLANG_WARN_ENUM_CONVERSION = YES;
				CLANG_WARN_INFINITE_RECURSION = YES;
				CLANG_WARN_INT_CONVERSION = YES;
				CLANG_WARN_NON_LITERAL_NULL_CONVERSION = YES;
				CLANG_WARN_OBJC_IMPLICIT_RETAIN_SELF = YES;
				CLANG_WARN_OBJC_LITERAL_CONVERSION = YES;
				CLANG_WARN_OBJC_ROOT_CLASS = YES_ERROR;
				CLANG_WARN_QUOTED_INCLUDE_IN_FRAMEWORK_HEADER = YES;
				CLANG_WARN_RANGE_LOOP_ANALYSIS = YES;
				CLANG_WARN_STRICT_PROTOTYPES = YES;
				CLANG_WARN_SUSPICIOUS_MOVE = YES;
				CLANG_WARN_UNGUARDED_AVAILABILITY = YES_AGGRESSIVE;
				CLANG_WARN_UNREACHABLE_CODE = YES;
				CLANG_WARN__DUPLICATE_METHOD_MATCH = YES;
				COPY_PHASE_STRIP = NO;
				DEBUG_INFORMATION_FORMAT = dwarf;
				ENABLE_STRICT_OBJC_MSGSEND = YES;
				ENABLE_TESTABILITY = YES;
				GCC_C_LANGUAGE_STANDARD = gnu11;
				GCC_DYNAMIC_NO_PIC = NO;
				GCC_NO_COMMON_BLOCKS = YES;
				GCC_OPTIMIZATION_LEVEL = 0;
				GCC_PREPROCESSOR_DEFINITIONS = (
					"DEBUG=1",
					"$(inherited)",
				);
				GCC_WARN_64_TO_32_BIT_CONVERSION = YES;
				GCC_WARN_ABOUT_RETURN_TYPE = YES_ERROR;
				GCC_WARN_UNDECLARED_SELECTOR = YES;
				GCC_WARN_UNINITIALIZED_AUTOS = YES_AGGRESSIVE;
				GCC_WARN_UNUSED_FUNCTION = YES;
				GCC_WARN_UNUSED_VARIABLE = YES;
				IPHONEOS_DEPLOYMENT_TARGET = 15.2;
				MTL_ENABLE_DEBUG_INFO = INCLUDE_SOURCE;
				MTL_FAST_MATH = YES;
				ONLY_ACTIVE_ARCH = YES;
				SDKROOT = iphoneos;
				SWIFT_ACTIVE_COMPILATION_CONDITIONS = DEBUG;
				SWIFT_OPTIMIZATION_LEVEL = "-Onone";
			};
			name = Debug;
		};
		9A0BFFF9278E8F090081D568 /* Release */ = {
			isa = XCBuildConfiguration;
			buildSettings = {
				ALWAYS_SEARCH_USER_PATHS = NO;
				CLANG_ANALYZER_NONNULL = YES;
				CLANG_ANALYZER_NUMBER_OBJECT_CONVERSION = YES_AGGRESSIVE;
				CLANG_CXX_LANGUAGE_STANDARD = "gnu++17";
				CLANG_CXX_LIBRARY = "libc++";
				CLANG_ENABLE_MODULES = YES;
				CLANG_ENABLE_OBJC_ARC = YES;
				CLANG_ENABLE_OBJC_WEAK = YES;
				CLANG_WARN_BLOCK_CAPTURE_AUTORELEASING = YES;
				CLANG_WARN_BOOL_CONVERSION = YES;
				CLANG_WARN_COMMA = YES;
				CLANG_WARN_CONSTANT_CONVERSION = YES;
				CLANG_WARN_DEPRECATED_OBJC_IMPLEMENTATIONS = YES;
				CLANG_WARN_DIRECT_OBJC_ISA_USAGE = YES_ERROR;
				CLANG_WARN_DOCUMENTATION_COMMENTS = YES;
				CLANG_WARN_EMPTY_BODY = YES;
				CLANG_WARN_ENUM_CONVERSION = YES;
				CLANG_WARN_INFINITE_RECURSION = YES;
				CLANG_WARN_INT_CONVERSION = YES;
				CLANG_WARN_NON_LITERAL_NULL_CONVERSION = YES;
				CLANG_WARN_OBJC_IMPLICIT_RETAIN_SELF = YES;
				CLANG_WARN_OBJC_LITERAL_CONVERSION = YES;
				CLANG_WARN_OBJC_ROOT_CLASS = YES_ERROR;
				CLANG_WARN_QUOTED_INCLUDE_IN_FRAMEWORK_HEADER = YES;
				CLANG_WARN_RANGE_LOOP_ANALYSIS = YES;
				CLANG_WARN_STRICT_PROTOTYPES = YES;
				CLANG_WARN_SUSPICIOUS_MOVE = YES;
				CLANG_WARN_UNGUARDED_AVAILABILITY = YES_AGGRESSIVE;
				CLANG_WARN_UNREACHABLE_CODE = YES;
				CLANG_WARN__DUPLICATE_METHOD_MATCH = YES;
				COPY_PHASE_STRIP = NO;
				DEBUG_INFORMATION_FORMAT = "dwarf-with-dsym";
				ENABLE_NS_ASSERTIONS = NO;
				ENABLE_STRICT_OBJC_MSGSEND = YES;
				GCC_C_LANGUAGE_STANDARD = gnu11;
				GCC_NO_COMMON_BLOCKS = YES;
				GCC_WARN_64_TO_32_BIT_CONVERSION = YES;
				GCC_WARN_ABOUT_RETURN_TYPE = YES_ERROR;
				GCC_WARN_UNDECLARED_SELECTOR = YES;
				GCC_WARN_UNINITIALIZED_AUTOS = YES_AGGRESSIVE;
				GCC_WARN_UNUSED_FUNCTION = YES;
				GCC_WARN_UNUSED_VARIABLE = YES;
				IPHONEOS_DEPLOYMENT_TARGET = 15.2;
				MTL_ENABLE_DEBUG_INFO = NO;
				MTL_FAST_MATH = YES;
				SDKROOT = iphoneos;
				SWIFT_COMPILATION_MODE = wholemodule;
				SWIFT_OPTIMIZATION_LEVEL = "-O";
				VALIDATE_PRODUCT = YES;
			};
			name = Release;
		};
		9A0BFFFB278E8F090081D568 /* Debug */ = {
			isa = XCBuildConfiguration;
			buildSettings = {
				ASSETCATALOG_COMPILER_APPICON_NAME = AppIcon;
				ASSETCATALOG_COMPILER_GLOBAL_ACCENT_COLOR_NAME = AccentColor;
				CODE_SIGN_STYLE = Automatic;
				CURRENT_PROJECT_VERSION = 1;
				DEVELOPMENT_ASSET_PATHS = "\"Pinch/Preview Content\"";
				ENABLE_PREVIEWS = YES;
				GENERATE_INFOPLIST_FILE = YES;
				INFOPLIST_KEY_UIApplicationSceneManifest_Generation = YES;
				INFOPLIST_KEY_UIApplicationSupportsIndirectInputEvents = YES;
				INFOPLIST_KEY_UILaunchScreen_Generation = YES;
				INFOPLIST_KEY_UISupportedInterfaceOrientations_iPad = "UIInterfaceOrientationPortrait UIInterfaceOrientationPortraitUpsideDown UIInterfaceOrientationLandscapeLeft UIInterfaceOrientationLandscapeRight";
				INFOPLIST_KEY_UISupportedInterfaceOrientations_iPhone = "UIInterfaceOrientationPortrait UIInterfaceOrientationLandscapeLeft UIInterfaceOrientationLandscapeRight";
				LD_RUNPATH_SEARCH_PATHS = (
					"$(inherited)",
					"@executable_path/Frameworks",
				);
				MARKETING_VERSION = 1.0;
				PRODUCT_BUNDLE_IDENTIFIER = example.Pinch;
				PRODUCT_NAME = "$(TARGET_NAME)";
				SWIFT_EMIT_LOC_STRINGS = YES;
				SWIFT_VERSION = 5.0;
				TARGETED_DEVICE_FAMILY = "1,2";
			};
			name = Debug;
		};
		9A0BFFFC278E8F090081D568 /* Release */ = {
			isa = XCBuildConfiguration;
			buildSettings = {
				ASSETCATALOG_COMPILER_APPICON_NAME = AppIcon;
				ASSETCATALOG_COMPILER_GLOBAL_ACCENT_COLOR_NAME = AccentColor;
				CODE_SIGN_STYLE = Automatic;
				CURRENT_PROJECT_VERSION = 1;
				DEVELOPMENT_ASSET_PATHS = "\"Pinch/Preview Content\"";
				ENABLE_PREVIEWS = YES;
				GENERATE_INFOPLIST_FILE = YES;
				INFOPLIST_KEY_UIApplicationSceneManifest_Generation = YES;
				INFOPLIST_KEY_UIApplicationSupportsIndirectInputEvents = YES;
				INFOPLIST_KEY_UILaunchScreen_Generation = YES;
				INFOPLIST_KEY_UISupportedInterfaceOrientations_iPad = "UIInterfaceOrientationPortrait UIInterfaceOrientationPortraitUpsideDown UIInterfaceOrientationLandscapeLeft UIInterfaceOrientationLandscapeRight";
				INFOPLIST_KEY_UISupportedInterfaceOrientations_iPhone = "UIInterfaceOrientationPortrait UIInterfaceOrientationLandscapeLeft UIInterfaceOrientationLandscapeRight";
				LD_RUNPATH_SEARCH_PATHS = (
					"$(inherited)",
					"@executable_path/Frameworks",
				);
				MARKETING_VERSION = 1.0;
				PRODUCT_BUNDLE_IDENTIFIER = example.Pinch;
				PRODUCT_NAME = "$(TARGET_NAME)";
				SWIFT_EMIT_LOC_STRINGS = YES;
				SWIFT_VERSION = 5.0;
				TARGETED_DEVICE_FAMILY = "1,2";
			};
			name = Release;
		};
		9A0BFFFE278E8F090081D568 /* Debug */ = {
			isa = XCBuildConfiguration;
			buildSettings = {
				ALWAYS_EMBED_SWIFT_STANDARD_LIBRARIES = YES;
				BUNDLE_LOADER = "$(TEST_HOST)";
				CODE_SIGN_STYLE = Automatic;
				CURRENT_PROJECT_VERSION = 1;
				GENERATE_INFOPLIST_FILE = YES;
				IPHONEOS_DEPLOYMENT_TARGET = 15.2;
				MARKETING_VERSION = 1.0;
				PRODUCT_BUNDLE_IDENTIFIER = example.PinchTests;
				PRODUCT_NAME = "$(TARGET_NAME)";
				SWIFT_EMIT_LOC_STRINGS = NO;
				SWIFT_VERSION = 5.0;
				TARGETED_DEVICE_FAMILY = "1,2";
				TEST_HOST = "$(BUILT_PRODUCTS_DIR)/Pinch.app/Pinch";
			};
			name = Debug;
		};
		9A0BFFFF278E8F090081D568 /* Release */ = {
			isa = XCBuildConfiguration;
			buildSettings = {
				ALWAYS_EMBED_SWIFT_STANDARD_LIBRARIES = YES;
				BUNDLE_LOADER = "$(TEST_HOST)";
				CODE_SIGN_STYLE = Automatic;
				CURRENT_PROJECT_VERSION = 1;
				GENERATE_INFOPLIST_FILE = YES;
				IPHONEOS_DEPLOYMENT_TARGET = 15.2;
				MARKETING_VERSION = 1.0;
				PRODUCT_BUNDLE_IDENTIFIER = example.PinchTests;
				PRODUCT_NAME = "$(TARGET_NAME)";
				SWIFT_EMIT_LOC_STRINGS = NO;
				SWIFT_VERSION = 5.0;
				TARGETED_DEVICE_FAMILY = "1,2";
				TEST_HOST = "$(BUILT_PRODUCTS_DIR)/Pinch.app/Pinch";
			};
			name = Release;
		};
/* End XCBuildConfiguration section */

/* Begin XCConfigurationList section */
		9A0B0000278E8F090081D568 /* Build configuration list for PBXNativeTarget "PinchUITests" */ = {
			isa = XCConfigurationList;
			buildConfigurations = (
				9A0B0001278E8F090081D568 /* Debug */,
				9A0B0002278E8F090081D568 /* Release */,
			);
			defaultConfigurationIsVisible = 0;
			defaultConfigurationName = Release;
		};
		9A0BFFD1278E8F070081D568 /* Build configuration list for PBXProject "Pinch" */ = {
			isa = XCConfigurationList;
			buildConfigurations = (
				9A0BFFF8278E8F090081D568 /* Debug */,
				9A0BFFF9278E8F090081D568 /* Release */,
			);
			defaultConfigurationIsVisible = 0;
			defaultConfigurationName = Release;
		};
		9A0BFFFA278E8F090081D568 /* Build configuration list for PBXNativeTarget "Pinch" */ = {
			isa = XCConfigurationList;
			buildConfigurations = (
				9A0BFFFB278E8F090081D568 /* Debug */,
				9A0BFFFC278E8F090081D568 /* Release */,
			);
			defaultConfigurationIsVisible = 0;
			defaultConfigurationName = Release;
		};
		9A0BFFFD278E8F090081D568 /* Build configuration list for PBXNativeTarget "PinchTests" */ = {
			isa = XCConfigurationList;
			buildConfigurations = (
				9A0BFFFE278E8F090081D568 /* Debug */,
				9A0BFFFF278E8F090081D568 /* Release */,
			);
			defaultConfigurationIsVisible = 0;
			defaultConfigurationName = Release;
		};
/* End XCConfigurationList section */
	};
	rootObject = 9A0BFFCE278E8F070081D568 /* Project object */;
}
